
Microsoft Visual Studio Solution File, Format Version 12.00
# Visual Studio 15
VisualStudioVersion = 15.0.28010.2026
MinimumVisualStudioVersion = 10.0.40219.1
Project("{FAE04EC0-301F-11D3-BF4B-00C04F79EFBC}") = "SocialBlog", "SocialBlog\SocialBlog.csproj", "{5A594D6D-A6DE-47C2-B1E1-04426C4B5BD8}"
EndProject
Global
	GlobalSection(SolutionConfigurationPlatforms) = preSolution
		Debug|Any CPU = Debug|Any CPU
		Release|Any CPU = Release|Any CPU
	EndGlobalSection
	GlobalSection(ProjectConfigurationPlatforms) = postSolution
		{5A594D6D-A6DE-47C2-B1E1-04426C4B5BD8}.Debug|Any CPU.ActiveCfg = Debug|Any CPU
		{5A594D6D-A6DE-47C2-B1E1-04426C4B5BD8}.Debug|Any CPU.Build.0 = Debug|Any CPU
		{5A594D6D-A6DE-47C2-B1E1-04426C4B5BD8}.Release|Any CPU.ActiveCfg = Release|Any CPU
		{5A594D6D-A6DE-47C2-B1E1-04426C4B5BD8}.Release|Any CPU.Build.0 = Release|Any CPU
	EndGlobalSection
	GlobalSection(SolutionProperties) = preSolution
		HideSolutionNode = FALSE
	EndGlobalSection
	GlobalSection(ExtensibilityGlobals) = postSolution
		SolutionGuid = {7F04CD0C-67C3-4F71-B625-ECA5AA6EFDD9}
	EndGlobalSection
EndGlobal
